
Microsoft Visual Studio Solution File, Format Version 12.00
# Visual Studio Version 17
VisualStudioVersion = 17.3.32929.385
MinimumVisualStudioVersion = 10.0.40219.1
Project("{FAE04EC0-301F-11D3-BF4B-00C04F79EFBC}") = "AskOmDchFramework9Nov1", "AskOmDchFramework9Nov1.csproj", "{1318A8B2-84E3-410E-ADBF-512ED76BE8DF}"
EndProject
Global
	GlobalSection(SolutionConfigurationPlatforms) = preSolution
		Debug|Any CPU = Debug|Any CPU
		Release|Any CPU = Release|Any CPU
	EndGlobalSection
	GlobalSection(ProjectConfigurationPlatforms) = postSolution
		{1318A8B2-84E3-410E-ADBF-512ED76BE8DF}.Debug|Any CPU.ActiveCfg = Debug|Any CPU
		{1318A8B2-84E3-410E-ADBF-512ED76BE8DF}.Debug|Any CPU.Build.0 = Debug|Any CPU
		{1318A8B2-84E3-410E-ADBF-512ED76BE8DF}.Release|Any CPU.ActiveCfg = Release|Any CPU
		{1318A8B2-84E3-410E-ADBF-512ED76BE8DF}.Release|Any CPU.Build.0 = Release|Any CPU
	EndGlobalSection
	GlobalSection(SolutionProperties) = preSolution
		HideSolutionNode = FALSE
	EndGlobalSection
	GlobalSection(ExtensibilityGlobals) = postSolution
		SolutionGuid = {2D9EA0B2-A167-40B6-A011-DC9B2E4AAAAE}
	EndGlobalSection
EndGlobal
